
Microsoft Visual Studio Solution File, Format Version 12.00
# Visual Studio Version 16
VisualStudioVersion = 16.0.31729.503
MinimumVisualStudioVersion = 10.0.40219.1
Project("{FAE04EC0-301F-11D3-BF4B-00C04F79EFBC}") = "Mazelike.Android", "Mazelike.Android\Mazelike.Android.csproj", "{FC03290B-FC18-42BE-8705-D8D5E9D5FC73}"
EndProject
Project("{FAE04EC0-301F-11D3-BF4B-00C04F79EFBC}") = "Mazelike.iOS", "Mazelike.iOS\Mazelike.iOS.csproj", "{3A599B77-3A79-4026-A0EC-F4FF6B9B14B4}"
EndProject
Project("{FAE04EC0-301F-11D3-BF4B-00C04F79EFBC}") = "Mazelike", "Mazelike\Mazelike.csproj", "{F70E47C3-E5ED-4D23-9906-CD3F5425B8C7}"
EndProject
Global
	GlobalSection(SolutionConfigurationPlatforms) = preSolution
		Debug|Any CPU = Debug|Any CPU
		Debug|iPhone = Debug|iPhone
		Debug|iPhoneSimulator = Debug|iPhoneSimulator
		Release|Any CPU = Release|Any CPU
		Release|iPhone = Release|iPhone
		Release|iPhoneSimulator = Release|iPhoneSimulator
	EndGlobalSection
	GlobalSection(ProjectConfigurationPlatforms) = postSolution
		{FC03290B-FC18-42BE-8705-D8D5E9D5FC73}.Debug|Any CPU.ActiveCfg = Debug|Any CPU
		{FC03290B-FC18-42BE-8705-D8D5E9D5FC73}.Debug|Any CPU.Build.0 = Debug|Any CPU
		{FC03290B-FC18-42BE-8705-D8D5E9D5FC73}.Debug|Any CPU.Deploy.0 = Debug|Any CPU
		{FC03290B-FC18-42BE-8705-D8D5E9D5FC73}.Debug|iPhone.ActiveCfg = Debug|Any CPU
		{FC03290B-FC18-42BE-8705-D8D5E9D5FC73}.Debug|iPhone.Build.0 = Debug|Any CPU
		{FC03290B-FC18-42BE-8705-D8D5E9D5FC73}.Debug|iPhone.Deploy.0 = Debug|Any CPU
		{FC03290B-FC18-42BE-8705-D8D5E9D5FC73}.Debug|iPhoneSimulator.ActiveCfg = Debug|Any CPU
		{FC03290B-FC18-42BE-8705-D8D5E9D5FC73}.Debug|iPhoneSimulator.Build.0 = Debug|Any CPU
		{FC03290B-FC18-42BE-8705-D8D5E9D5FC73}.Debug|iPhoneSimulator.Deploy.0 = Debug|Any CPU
		{FC03290B-FC18-42BE-8705-D8D5E9D5FC73}.Release|Any CPU.ActiveCfg = Release|Any CPU
		{FC03290B-FC18-42BE-8705-D8D5E9D5FC73}.Release|Any CPU.Build.0 = Release|Any CPU
		{FC03290B-FC18-42BE-8705-D8D5E9D5FC73}.Release|Any CPU.Deploy.0 = Release|Any CPU
		{FC03290B-FC18-42BE-8705-D8D5E9D5FC73}.Release|iPhone.ActiveCfg = Release|Any CPU
		{FC03290B-FC18-42BE-8705-D8D5E9D5FC73}.Release|iPhone.Build.0 = Release|Any CPU
		{FC03290B-FC18-42BE-8705-D8D5E9D5FC73}.Release|iPhone.Deploy.0 = Release|Any CPU
		{FC03290B-FC18-42BE-8705-D8D5E9D5FC73}.Release|iPhoneSimulator.ActiveCfg = Release|Any CPU
		{FC03290B-FC18-42BE-8705-D8D5E9D5FC73}.Release|iPhoneSimulator.Build.0 = Release|Any CPU
		{FC03290B-FC18-42BE-8705-D8D5E9D5FC73}.Release|iPhoneSimulator.Deploy.0 = Release|Any CPU
		{3A599B77-3A79-4026-A0EC-F4FF6B9B14B4}.Debug|Any CPU.ActiveCfg = Debug|iPhone
		{3A599B77-3A79-4026-A0EC-F4FF6B9B14B4}.Debug|Any CPU.Build.0 = Debug|iPhone
		{3A599B77-3A79-4026-A0EC-F4FF6B9B14B4}.Debug|Any CPU.Deploy.0 = Debug|iPhone
		{3A599B77-3A79-4026-A0EC-F4FF6B9B14B4}.Debug|iPhone.ActiveCfg = Debug|iPhone
		{3A599B77-3A79-4026-A0EC-F4FF6B9B14B4}.Debug|iPhone.Build.0 = Debug|iPhone
		{3A599B77-3A79-4026-A0EC-F4FF6B9B14B4}.Debug|iPhone.Deploy.0 = Debug|iPhone
		{3A599B77-3A79-4026-A0EC-F4FF6B9B14B4}.Debug|iPhoneSimulator.ActiveCfg = Debug|iPhoneSimulator
		{3A599B77-3A79-4026-A0EC-F4FF6B9B14B4}.Debug|iPhoneSimulator.Build.0 = Debug|iPhoneSimulator
		{3A599B77-3A79-4026-A0EC-F4FF6B9B14B4}.Debug|iPhoneSimulator.Deploy.0 = Debug|iPhoneSimulator
		{3A599B77-3A79-4026-A0EC-F4FF6B9B14B4}.Release|Any CPU.ActiveCfg = Release|iPhoneSimulator
		{3A599B77-3A79-4026-A0EC-F4FF6B9B14B4}.Release|Any CPU.Build.0 = Release|iPhoneSimulator
		{3A599B77-3A79-4026-A0EC-F4FF6B9B14B4}.Release|Any CPU.Deploy.0 = Release|iPhoneSimulator
		{3A599B77-3A79-4026-A0EC-F4FF6B9B14B4}.Release|iPhone.ActiveCfg = Release|iPhone
		{3A599B77-3A79-4026-A0EC-F4FF6B9B14B4}.Release|iPhone.Build.0 = Release|iPhone
		{3A599B77-3A79-4026-A0EC-F4FF6B9B14B4}.Release|iPhone.Deploy.0 = Release|iPhone
		{3A599B77-3A79-4026-A0EC-F4FF6B9B14B4}.Release|iPhoneSimulator.ActiveCfg = Release|iPhoneSimulator
		{3A599B77-3A79-4026-A0EC-F4FF6B9B14B4}.Release|iPhoneSimulator.Build.0 = Release|iPhoneSimulator
		{3A599B77-3A79-4026-A0EC-F4FF6B9B14B4}.Release|iPhoneSimulator.Deploy.0 = Release|iPhoneSimulator
		{F70E47C3-E5ED-4D23-9906-CD3F5425B8C7}.Debug|Any CPU.ActiveCfg = Debug|Any CPU
		{F70E47C3-E5ED-4D23-9906-CD3F5425B8C7}.Debug|Any CPU.Build.0 = Debug|Any CPU
		{F70E47C3-E5ED-4D23-9906-CD3F5425B8C7}.Debug|Any CPU.Deploy.0 = Debug|Any CPU
		{F70E47C3-E5ED-4D23-9906-CD3F5425B8C7}.Debug|iPhone.ActiveCfg = Debug|Any CPU
		{F70E47C3-E5ED-4D23-9906-CD3F5425B8C7}.Debug|iPhone.Build.0 = Debug|Any CPU
		{F70E47C3-E5ED-4D23-9906-CD3F5425B8C7}.Debug|iPhone.Deploy.0 = Debug|Any CPU
		{F70E47C3-E5ED-4D23-9906-CD3F5425B8C7}.Debug|iPhoneSimulator.ActiveCfg = Debug|Any CPU
		{F70E47C3-E5ED-4D23-9906-CD3F5425B8C7}.Debug|iPhoneSimulator.Build.0 = Debug|Any CPU
		{F70E47C3-E5ED-4D23-9906-CD3F5425B8C7}.Debug|iPhoneSimulator.Deploy.0 = Debug|Any CPU
		{F70E47C3-E5ED-4D23-9906-CD3F5425B8C7}.Release|Any CPU.ActiveCfg = Release|Any CPU
		{F70E47C3-E5ED-4D23-9906-CD3F5425B8C7}.Release|Any CPU.Build.0 = Release|Any CPU
		{F70E47C3-E5ED-4D23-9906-CD3F5425B8C7}.Release|Any CPU.Deploy.0 = Release|Any CPU
		{F70E47C3-E5ED-4D23-9906-CD3F5425B8C7}.Release|iPhone.ActiveCfg = Release|Any CPU
		{F70E47C3-E5ED-4D23-9906-CD3F5425B8C7}.Release|iPhone.Build.0 = Release|Any CPU
		{F70E47C3-E5ED-4D23-9906-CD3F5425B8C7}.Release|iPhone.Deploy.0 = Release|Any CPU
		{F70E47C3-E5ED-4D23-9906-CD3F5425B8C7}.Release|iPhoneSimulator.ActiveCfg = Release|Any CPU
		{F70E47C3-E5ED-4D23-9906-CD3F5425B8C7}.Release|iPhoneSimulator.Build.0 = Release|Any CPU
		{F70E47C3-E5ED-4D23-9906-CD3F5425B8C7}.Release|iPhoneSimulator.Deploy.0 = Release|Any CPU
	EndGlobalSection
	GlobalSection(SolutionProperties) = preSolution
		HideSolutionNode = FALSE
	EndGlobalSection
	GlobalSection(ExtensibilityGlobals) = postSolution
		SolutionGuid = {19818BAF-0F43-45E0-B784-6EA8B9A8A161}
	EndGlobalSection
EndGlobal
